
Microsoft Visual Studio Solution File, Format Version 12.00
# Visual Studio 2013
VisualStudioVersion = 12.0.40629.0
MinimumVisualStudioVersion = 10.0.40219.1
Project("{FAE04EC0-301F-11D3-BF4B-00C04F79EFBC}") = "Comwell.Web", "Comwell\Comwell.Web.csproj", "{527E3F59-210E-4735-ACDC-28A6198CDB76}"
EndProject
Project("{FAE04EC0-301F-11D3-BF4B-00C04F79EFBC}") = "Comwell.Tests", "Comwell.Tests\Comwell.Tests.csproj", "{BC14D204-987F-467E-92CE-1121B01AA5AD}"
EndProject
Project("{FAE04EC0-301F-11D3-BF4B-00C04F79EFBC}") = "Comwell.Terminal", "Comwell.Console\Comwell.Terminal.csproj", "{3AF8005A-7DCA-4C11-8BA7-E3742DE3B4AE}"
EndProject
Project("{FAE04EC0-301F-11D3-BF4B-00C04F79EFBC}") = "Comwell.Model", "Comwell.Model\Comwell.Model.csproj", "{5EA279C8-3E84-4152-8046-A44A3FB14B7D}"
EndProject
Global
	GlobalSection(SolutionConfigurationPlatforms) = preSolution
		Debug|Any CPU = Debug|Any CPU
		Release|Any CPU = Release|Any CPU
	EndGlobalSection
	GlobalSection(ProjectConfigurationPlatforms) = postSolution
		{527E3F59-210E-4735-ACDC-28A6198CDB76}.Debug|Any CPU.ActiveCfg = Debug|Any CPU
		{527E3F59-210E-4735-ACDC-28A6198CDB76}.Debug|Any CPU.Build.0 = Debug|Any CPU
		{527E3F59-210E-4735-ACDC-28A6198CDB76}.Release|Any CPU.ActiveCfg = Release|Any CPU
		{527E3F59-210E-4735-ACDC-28A6198CDB76}.Release|Any CPU.Build.0 = Release|Any CPU
		{BC14D204-987F-467E-92CE-1121B01AA5AD}.Debug|Any CPU.ActiveCfg = Debug|Any CPU
		{BC14D204-987F-467E-92CE-1121B01AA5AD}.Debug|Any CPU.Build.0 = Debug|Any CPU
		{BC14D204-987F-467E-92CE-1121B01AA5AD}.Release|Any CPU.ActiveCfg = Release|Any CPU
		{BC14D204-987F-467E-92CE-1121B01AA5AD}.Release|Any CPU.Build.0 = Release|Any CPU
		{3AF8005A-7DCA-4C11-8BA7-E3742DE3B4AE}.Debug|Any CPU.ActiveCfg = Debug|Any CPU
		{3AF8005A-7DCA-4C11-8BA7-E3742DE3B4AE}.Debug|Any CPU.Build.0 = Debug|Any CPU
		{3AF8005A-7DCA-4C11-8BA7-E3742DE3B4AE}.Release|Any CPU.ActiveCfg = Release|Any CPU
		{3AF8005A-7DCA-4C11-8BA7-E3742DE3B4AE}.Release|Any CPU.Build.0 = Release|Any CPU
		{5EA279C8-3E84-4152-8046-A44A3FB14B7D}.Debug|Any CPU.ActiveCfg = Debug|Any CPU
		{5EA279C8-3E84-4152-8046-A44A3FB14B7D}.Debug|Any CPU.Build.0 = Debug|Any CPU
		{5EA279C8-3E84-4152-8046-A44A3FB14B7D}.Release|Any CPU.ActiveCfg = Release|Any CPU
		{5EA279C8-3E84-4152-8046-A44A3FB14B7D}.Release|Any CPU.Build.0 = Release|Any CPU
	EndGlobalSection
	GlobalSection(SolutionProperties) = preSolution
		HideSolutionNode = FALSE
	EndGlobalSection
EndGlobal
